
Microsoft Visual Studio Solution File, Format Version 10.00
# Visual Studio 2008
Project("{F184B08F-C81C-45F6-A57F-5ABD9991F28F}") = "Bengacount", "Bengacount\Bengacount.vbproj", "{A7A9076C-0E1C-447A-8EAD-A660932A75A4}"
EndProject
Project("{54435603-DBB4-11D2-8724-00A0C9A8B90C}") = "Bengali Billing System", "Bengali Billing System\Bengali Billing System.vdproj", "{FFBB271D-95E2-4E27-AE81-34F25DC71C1D}"
EndProject
Global
	GlobalSection(SolutionConfigurationPlatforms) = preSolution
		Debug|Any CPU = Debug|Any CPU
		Release|Any CPU = Release|Any CPU
	EndGlobalSection
	GlobalSection(ProjectConfigurationPlatforms) = postSolution
		{A7A9076C-0E1C-447A-8EAD-A660932A75A4}.Debug|Any CPU.ActiveCfg = Debug|Any CPU
		{A7A9076C-0E1C-447A-8EAD-A660932A75A4}.Debug|Any CPU.Build.0 = Debug|Any CPU
		{A7A9076C-0E1C-447A-8EAD-A660932A75A4}.Release|Any CPU.ActiveCfg = Release|Any CPU
		{A7A9076C-0E1C-447A-8EAD-A660932A75A4}.Release|Any CPU.Build.0 = Release|Any CPU
		{FFBB271D-95E2-4E27-AE81-34F25DC71C1D}.Debug|Any CPU.ActiveCfg = Debug
		{FFBB271D-95E2-4E27-AE81-34F25DC71C1D}.Release|Any CPU.ActiveCfg = Release
	EndGlobalSection
	GlobalSection(SolutionProperties) = preSolution
		HideSolutionNode = FALSE
	EndGlobalSection
EndGlobal
